// !$*UTF8*$!
{
	archiveVersion = 1;
	classes = {
	};
	objectVersion = 55;
	objects = {

/* Begin PBXBuildFile section */
		AE0573AC280607E500F618C8 /* ErrorWrapper.swift in Sources */ = {isa = PBXBuildFile; fileRef = AE0573AB280607E500F618C8 /* ErrorWrapper.swift */; };
		AE0573AE280608AA00F618C8 /* ErrorView.swift in Sources */ = {isa = PBXBuildFile; fileRef = AE0573AD280608AA00F618C8 /* ErrorView.swift */; };
		AE0573B028060B4300F618C8 /* MeetingTimerView.swift in Sources */ = {isa = PBXBuildFile; fileRef = AE0573AF28060B4300F618C8 /* MeetingTimerView.swift */; };
		AE0573B228060D3F00F618C8 /* SpeakerArc.swift in Sources */ = {isa = PBXBuildFile; fileRef = AE0573B128060D3F00F618C8 /* SpeakerArc.swift */; };
		AE0573B42806116D00F618C8 /* SpeechRecognizer.swift in Sources */ = {isa = PBXBuildFile; fileRef = AE0573B32806116D00F618C8 /* SpeechRecognizer.swift */; };
		AE0573B62806131E00F618C8 /* HistoryView.swift in Sources */ = {isa = PBXBuildFile; fileRef = AE0573B52806131E00F618C8 /* HistoryView.swift */; };
		AEA1B4B4280D6B9100979DBF /* Localizable.strings in Resources */ = {isa = PBXBuildFile; fileRef = AEA1B4B6280D6B9100979DBF /* Localizable.strings */; };
		AEA1B4BA280D7B0300979DBF /* Plurals.stringsdict in Resources */ = {isa = PBXBuildFile; fileRef = AEA1B4BC280D7B0300979DBF /* Plurals.stringsdict */; };
		AEDFDEEC2805EAA0003BACD4 /* ScrumStore.swift in Sources */ = {isa = PBXBuildFile; fileRef = AEDFDEEB2805EAA0003BACD4 /* ScrumStore.swift */; };
		AEE3F3842804C05B002AB54F /* ScrumdingerApp.swift in Sources */ = {isa = PBXBuildFile; fileRef = AEE3F3832804C05B002AB54F /* ScrumdingerApp.swift */; };
		AEE3F3862804C05B002AB54F /* MeetingView.swift in Sources */ = {isa = PBXBuildFile; fileRef = AEE3F3852804C05B002AB54F /* MeetingView.swift */; };
		AEE3F3882804C05C002AB54F /* Assets.xcassets in Resources */ = {isa = PBXBuildFile; fileRef = AEE3F3872804C05C002AB54F /* Assets.xcassets */; };
		AEE3F38B2804C05C002AB54F /* Preview Assets.xcassets in Resources */ = {isa = PBXBuildFile; fileRef = AEE3F38A2804C05C002AB54F /* Preview Assets.xcassets */; };
		AEE3F3932804C410002AB54F /* Theme.swift in Sources */ = {isa = PBXBuildFile; fileRef = AEE3F3922804C410002AB54F /* Theme.swift */; };
		AEE3F3952804C4AB002AB54F /* DailyScrum.swift in Sources */ = {isa = PBXBuildFile; fileRef = AEE3F3942804C4AB002AB54F /* DailyScrum.swift */; };
		AEE3F3972804C550002AB54F /* CardView.swift in Sources */ = {isa = PBXBuildFile; fileRef = AEE3F3962804C550002AB54F /* CardView.swift */; };
		AEE3F3992804C6D6002AB54F /* TrailingIconLabelStyle.swift in Sources */ = {isa = PBXBuildFile; fileRef = AEE3F3982804C6D6002AB54F /* TrailingIconLabelStyle.swift */; };
		AEE3F39B2804D216002AB54F /* ScrumsView.swift in Sources */ = {isa = PBXBuildFile; fileRef = AEE3F39A2804D216002AB54F /* ScrumsView.swift */; };
		AEE3F39D2804E535002AB54F /* DetailView.swift in Sources */ = {isa = PBXBuildFile; fileRef = AEE3F39C2804E535002AB54F /* DetailView.swift */; };
		AEE3F39F2804E8CF002AB54F /* DetailEditView.swift in Sources */ = {isa = PBXBuildFile; fileRef = AEE3F39E2804E8CF002AB54F /* DetailEditView.swift */; };
		AEE3F3A12804F0C9002AB54F /* ThemeView.swift in Sources */ = {isa = PBXBuildFile; fileRef = AEE3F3A02804F0C9002AB54F /* ThemeView.swift */; };
		AEE3F3A32804F165002AB54F /* ThemePicker.swift in Sources */ = {isa = PBXBuildFile; fileRef = AEE3F3A22804F165002AB54F /* ThemePicker.swift */; };
		AEE3F3A52804FEF0002AB54F /* MeetingHeaderView.swift in Sources */ = {isa = PBXBuildFile; fileRef = AEE3F3A42804FEF0002AB54F /* MeetingHeaderView.swift */; };
		AEE3F3A72805007C002AB54F /* ScrumProgressViewStyle.swift in Sources */ = {isa = PBXBuildFile; fileRef = AEE3F3A62805007C002AB54F /* ScrumProgressViewStyle.swift */; };
		AEE3F3AB2805009E002AB54F /* ding.wav in Resources */ = {isa = PBXBuildFile; fileRef = AEE3F3AA2805009D002AB54F /* ding.wav */; };
		AEE3F3AE28050191002AB54F /* ScrumTimer.swift in Sources */ = {isa = PBXBuildFile; fileRef = AEE3F3AD28050191002AB54F /* ScrumTimer.swift */; };
		AEE3F3B2280502D3002AB54F /* MeetingFooterView.swift in Sources */ = {isa = PBXBuildFile; fileRef = AEE3F3B1280502D3002AB54F /* MeetingFooterView.swift */; };
		AEE3F3B4280503EE002AB54F /* AVPlayer+Ding.swift in Sources */ = {isa = PBXBuildFile; fileRef = AEE3F3B3280503EE002AB54F /* AVPlayer+Ding.swift */; };
		AEE3F3B628050608002AB54F /* History.swift in Sources */ = {isa = PBXBuildFile; fileRef = AEE3F3B528050608002AB54F /* History.swift */; };
/* End PBXBuildFile section */

/* Begin PBXFileReference section */
		AE0573AB280607E500F618C8 /* ErrorWrapper.swift */ = {isa = PBXFileReference; lastKnownFileType = sourcecode.swift; path = ErrorWrapper.swift; sourceTree = "<group>"; };
		AE0573AD280608AA00F618C8 /* ErrorView.swift */ = {isa = PBXFileReference; lastKnownFileType = sourcecode.swift; path = ErrorView.swift; sourceTree = "<group>"; };
		AE0573AF28060B4300F618C8 /* MeetingTimerView.swift */ = {isa = PBXFileReference; lastKnownFileType = sourcecode.swift; path = MeetingTimerView.swift; sourceTree = "<group>"; };
		AE0573B128060D3F00F618C8 /* SpeakerArc.swift */ = {isa = PBXFileReference; lastKnownFileType = sourcecode.swift; path = SpeakerArc.swift; sourceTree = "<group>"; };
		AE0573B32806116D00F618C8 /* SpeechRecognizer.swift */ = {isa = PBXFileReference; lastKnownFileType = sourcecode.swift; path = SpeechRecognizer.swift; sourceTree = "<group>"; };
		AE0573B52806131E00F618C8 /* HistoryView.swift */ = {isa = PBXFileReference; lastKnownFileType = sourcecode.swift; path = HistoryView.swift; sourceTree = "<group>"; };
		AEA1B4B5280D6B9100979DBF /* it */ = {isa = PBXFileReference; lastKnownFileType = text.plist.strings; name = it; path = it.lproj/Localizable.strings; sourceTree = "<group>"; };
		AEA1B4B7280D6B9600979DBF /* en */ = {isa = PBXFileReference; lastKnownFileType = text.plist.strings; name = en; path = en.lproj/Localizable.strings; sourceTree = "<group>"; };
		AEA1B4BB280D7B0300979DBF /* it */ = {isa = PBXFileReference; lastKnownFileType = text.plist.stringsdict; name = it; path = it.lproj/Plurals.stringsdict; sourceTree = "<group>"; };
		AEA1B4BD280D7B0500979DBF /* en */ = {isa = PBXFileReference; lastKnownFileType = text.plist.stringsdict; name = en; path = en.lproj/Plurals.stringsdict; sourceTree = "<group>"; };
		AEDFDEEB2805EAA0003BACD4 /* ScrumStore.swift */ = {isa = PBXFileReference; lastKnownFileType = sourcecode.swift; path = ScrumStore.swift; sourceTree = "<group>"; };
		AEE3F3802804C05B002AB54F /* Scrumdinger.app */ = {isa = PBXFileReference; explicitFileType = wrapper.application; includeInIndex = 0; path = Scrumdinger.app; sourceTree = BUILT_PRODUCTS_DIR; };
		AEE3F3832804C05B002AB54F /* ScrumdingerApp.swift */ = {isa = PBXFileReference; lastKnownFileType = sourcecode.swift; path = ScrumdingerApp.swift; sourceTree = "<group>"; };
		AEE3F3852804C05B002AB54F /* MeetingView.swift */ = {isa = PBXFileReference; lastKnownFileType = sourcecode.swift; path = MeetingView.swift; sourceTree = "<group>"; };
		AEE3F3872804C05C002AB54F /* Assets.xcassets */ = {isa = PBXFileReference; lastKnownFileType = folder.assetcatalog; path = Assets.xcassets; sourceTree = "<group>"; };
		AEE3F38A2804C05C002AB54F /* Preview Assets.xcassets */ = {isa = PBXFileReference; lastKnownFileType = folder.assetcatalog; path = "Preview Assets.xcassets"; sourceTree = "<group>"; };
		AEE3F3922804C410002AB54F /* Theme.swift */ = {isa = PBXFileReference; lastKnownFileType = sourcecode.swift; path = Theme.swift; sourceTree = "<group>"; };
		AEE3F3942804C4AB002AB54F /* DailyScrum.swift */ = {isa = PBXFileReference; lastKnownFileType = sourcecode.swift; path = DailyScrum.swift; sourceTree = "<group>"; };
		AEE3F3962804C550002AB54F /* CardView.swift */ = {isa = PBXFileReference; lastKnownFileType = sourcecode.swift; path = CardView.swift; sourceTree = "<group>"; };
		AEE3F3982804C6D6002AB54F /* TrailingIconLabelStyle.swift */ = {isa = PBXFileReference; lastKnownFileType = sourcecode.swift; path = TrailingIconLabelStyle.swift; sourceTree = "<group>"; };
		AEE3F39A2804D216002AB54F /* ScrumsView.swift */ = {isa = PBXFileReference; lastKnownFileType = sourcecode.swift; path = ScrumsView.swift; sourceTree = "<group>"; };
		AEE3F39C2804E535002AB54F /* DetailView.swift */ = {isa = PBXFileReference; lastKnownFileType = sourcecode.swift; path = DetailView.swift; sourceTree = "<group>"; };
		AEE3F39E2804E8CF002AB54F /* DetailEditView.swift */ = {isa = PBXFileReference; lastKnownFileType = sourcecode.swift; path = DetailEditView.swift; sourceTree = "<group>"; };
		AEE3F3A02804F0C9002AB54F /* ThemeView.swift */ = {isa = PBXFileReference; lastKnownFileType = sourcecode.swift; path = ThemeView.swift; sourceTree = "<group>"; };
		AEE3F3A22804F165002AB54F /* ThemePicker.swift */ = {isa = PBXFileReference; lastKnownFileType = sourcecode.swift; path = ThemePicker.swift; sourceTree = "<group>"; };
		AEE3F3A42804FEF0002AB54F /* MeetingHeaderView.swift */ = {isa = PBXFileReference; lastKnownFileType = sourcecode.swift; path = MeetingHeaderView.swift; sourceTree = "<group>"; };
		AEE3F3A62805007C002AB54F /* ScrumProgressViewStyle.swift */ = {isa = PBXFileReference; fileEncoding = 4; lastKnownFileType = sourcecode.swift; path = ScrumProgressViewStyle.swift; sourceTree = "<group>"; };
		AEE3F3AA2805009D002AB54F /* ding.wav */ = {isa = PBXFileReference; lastKnownFileType = audio.wav; path = ding.wav; sourceTree = "<group>"; };
		AEE3F3AD28050191002AB54F /* ScrumTimer.swift */ = {isa = PBXFileReference; lastKnownFileType = sourcecode.swift; path = ScrumTimer.swift; sourceTree = "<group>"; };
		AEE3F3B1280502D3002AB54F /* MeetingFooterView.swift */ = {isa = PBXFileReference; lastKnownFileType = sourcecode.swift; name = MeetingFooterView.swift; path = Scrumdinger/Views/MeetingFooterView.swift; sourceTree = SOURCE_ROOT; };
		AEE3F3B3280503EE002AB54F /* AVPlayer+Ding.swift */ = {isa = PBXFileReference; lastKnownFileType = sourcecode.swift; path = "AVPlayer+Ding.swift"; sourceTree = "<group>"; };
		AEE3F3B528050608002AB54F /* History.swift */ = {isa = PBXFileReference; lastKnownFileType = sourcecode.swift; path = History.swift; sourceTree = "<group>"; };
/* End PBXFileReference section */

/* Begin PBXFrameworksBuildPhase section */
		AEE3F37D2804C05B002AB54F /* Frameworks */ = {
			isa = PBXFrameworksBuildPhase;
			buildActionMask = 2147483647;
			files = (
			);
			runOnlyForDeploymentPostprocessing = 0;
		};
/* End PBXFrameworksBuildPhase section */

/* Begin PBXGroup section */
		AEE3F3772804C05B002AB54F = {
			isa = PBXGroup;
			children = (
				AEE3F3822804C05B002AB54F /* Scrumdinger */,
				AEE3F3812804C05B002AB54F /* Products */,
			);
			sourceTree = "<group>";
		};
		AEE3F3812804C05B002AB54F /* Products */ = {
			isa = PBXGroup;
			children = (
				AEE3F3802804C05B002AB54F /* Scrumdinger.app */,
			);
			name = Products;
			sourceTree = "<group>";
		};
		AEE3F3822804C05B002AB54F /* Scrumdinger */ = {
			isa = PBXGroup;
			children = (
				AEE3F3832804C05B002AB54F /* ScrumdingerApp.swift */,
				AEE3F3B7280509A5002AB54F /* Views */,
				AEE3F3912804C3FF002AB54F /* Models */,
				AEE3F3AC280500B5002AB54F /* Resources */,
				AEE3F3872804C05C002AB54F /* Assets.xcassets */,
				AEE3F3892804C05C002AB54F /* Preview Content */,
			);
			path = Scrumdinger;
			sourceTree = "<group>";
		};
		AEE3F3892804C05C002AB54F /* Preview Content */ = {
			isa = PBXGroup;
			children = (
				AEE3F38A2804C05C002AB54F /* Preview Assets.xcassets */,
			);
			path = "Preview Content";
			sourceTree = "<group>";
		};
		AEE3F3912804C3FF002AB54F /* Models */ = {
			isa = PBXGroup;
			children = (
				AEE3F3922804C410002AB54F /* Theme.swift */,
				AEE3F3942804C4AB002AB54F /* DailyScrum.swift */,
				AEE3F3AD28050191002AB54F /* ScrumTimer.swift */,
				AEE3F3B3280503EE002AB54F /* AVPlayer+Ding.swift */,
				AEE3F3B528050608002AB54F /* History.swift */,
				AEDFDEEB2805EAA0003BACD4 /* ScrumStore.swift */,
				AE0573AB280607E500F618C8 /* ErrorWrapper.swift */,
				AE0573B32806116D00F618C8 /* SpeechRecognizer.swift */,
			);
			path = Models;
			sourceTree = "<group>";
		};
		AEE3F3AC280500B5002AB54F /* Resources */ = {
			isa = PBXGroup;
			children = (
				AEE3F3AA2805009D002AB54F /* ding.wav */,
				AEA1B4B6280D6B9100979DBF /* Localizable.strings */,
				AEA1B4BC280D7B0300979DBF /* Plurals.stringsdict */,
			);
			path = Resources;
			sourceTree = "<group>";
		};
		AEE3F3B7280509A5002AB54F /* Views */ = {
			isa = PBXGroup;
			children = (
				AEE3F3B8280509D4002AB54F /* Styles */,
				AEE3F39A2804D216002AB54F /* ScrumsView.swift */,
				AEE3F3962804C550002AB54F /* CardView.swift */,
				AEE3F39C2804E535002AB54F /* DetailView.swift */,
				AEE3F39E2804E8CF002AB54F /* DetailEditView.swift */,
				AEE3F3A42804FEF0002AB54F /* MeetingHeaderView.swift */,
				AE0573AF28060B4300F618C8 /* MeetingTimerView.swift */,
				AEE3F3B1280502D3002AB54F /* MeetingFooterView.swift */,
				AEE3F3852804C05B002AB54F /* MeetingView.swift */,
				AEE3F3A02804F0C9002AB54F /* ThemeView.swift */,
				AEE3F3A22804F165002AB54F /* ThemePicker.swift */,
				AE0573AD280608AA00F618C8 /* ErrorView.swift */,
				AE0573B128060D3F00F618C8 /* SpeakerArc.swift */,
				AE0573B52806131E00F618C8 /* HistoryView.swift */,
			);
			path = Views;
			sourceTree = "<group>";
		};
		AEE3F3B8280509D4002AB54F /* Styles */ = {
			isa = PBXGroup;
			children = (
				AEE3F3982804C6D6002AB54F /* TrailingIconLabelStyle.swift */,
				AEE3F3A62805007C002AB54F /* ScrumProgressViewStyle.swift */,
			);
			path = Styles;
			sourceTree = "<group>";
		};
/* End PBXGroup section */

/* Begin PBXNativeTarget section */
		AEE3F37F2804C05B002AB54F /* Scrumdinger */ = {
			isa = PBXNativeTarget;
			buildConfigurationList = AEE3F38E2804C05C002AB54F /* Build configuration list for PBXNativeTarget "Scrumdinger" */;
			buildPhases = (
				AEE3F37C2804C05B002AB54F /* Sources */,
				AEE3F37D2804C05B002AB54F /* Frameworks */,
				AEE3F37E2804C05B002AB54F /* Resources */,
			);
			buildRules = (
			);
			dependencies = (
			);
			name = Scrumdinger;
			productName = Scrumdinger;
			productReference = AEE3F3802804C05B002AB54F /* Scrumdinger.app */;
			productType = "com.apple.product-type.application";
		};
/* End PBXNativeTarget section */

/* Begin PBXProject section */
		AEE3F3782804C05B002AB54F /* Project object */ = {
			isa = PBXProject;
			attributes = {
				BuildIndependentTargetsInParallel = 1;
				LastSwiftUpdateCheck = 1330;
				LastUpgradeCheck = 1330;
				TargetAttributes = {
					AEE3F37F2804C05B002AB54F = {
						CreatedOnToolsVersion = 13.3;
					};
				};
			};
			buildConfigurationList = AEE3F37B2804C05B002AB54F /* Build configuration list for PBXProject "Scrumdinger" */;
			compatibilityVersion = "Xcode 13.0";
			developmentRegion = en;
			hasScannedForEncodings = 0;
			knownRegions = (
				en,
				it,
				Base,
			);
			mainGroup = AEE3F3772804C05B002AB54F;
			productRefGroup = AEE3F3812804C05B002AB54F /* Products */;
			projectDirPath = "";
			projectRoot = "";
			targets = (
				AEE3F37F2804C05B002AB54F /* Scrumdinger */,
			);
		};
/* End PBXProject section */

/* Begin PBXResourcesBuildPhase section */
		AEE3F37E2804C05B002AB54F /* Resources */ = {
			isa = PBXResourcesBuildPhase;
			buildActionMask = 2147483647;
			files = (
				AEA1B4BA280D7B0300979DBF /* Plurals.stringsdict in Resources */,
				AEE3F3AB2805009E002AB54F /* ding.wav in Resources */,
				AEA1B4B4280D6B9100979DBF /* Localizable.strings in Resources */,
				AEE3F38B2804C05C002AB54F /* Preview Assets.xcassets in Resources */,
				AEE3F3882804C05C002AB54F /* Assets.xcassets in Resources */,
			);
			runOnlyForDeploymentPostprocessing = 0;
		};
/* End PBXResourcesBuildPhase section */

/* Begin PBXSourcesBuildPhase section */
		AEE3F37C2804C05B002AB54F /* Sources */ = {
			isa = PBXSourcesBuildPhase;
			buildActionMask = 2147483647;
			files = (
				AEE3F3B628050608002AB54F /* History.swift in Sources */,
				AE0573B62806131E00F618C8 /* HistoryView.swift in Sources */,
				AEE3F3A32804F165002AB54F /* ThemePicker.swift in Sources */,
				AEE3F3A72805007C002AB54F /* ScrumProgressViewStyle.swift in Sources */,
				AEE3F3AE28050191002AB54F /* ScrumTimer.swift in Sources */,
				AEDFDEEC2805EAA0003BACD4 /* ScrumStore.swift in Sources */,
				AEE3F3952804C4AB002AB54F /* DailyScrum.swift in Sources */,
				AEE3F39D2804E535002AB54F /* DetailView.swift in Sources */,
				AEE3F3A52804FEF0002AB54F /* MeetingHeaderView.swift in Sources */,
				AEE3F39F2804E8CF002AB54F /* DetailEditView.swift in Sources */,
				AE0573B028060B4300F618C8 /* MeetingTimerView.swift in Sources */,
				AEE3F3992804C6D6002AB54F /* TrailingIconLabelStyle.swift in Sources */,
				AE0573AC280607E500F618C8 /* ErrorWrapper.swift in Sources */,
				AEE3F3932804C410002AB54F /* Theme.swift in Sources */,
				AEE3F39B2804D216002AB54F /* ScrumsView.swift in Sources */,
				AEE3F3B2280502D3002AB54F /* MeetingFooterView.swift in Sources */,
				AEE3F3862804C05B002AB54F /* MeetingView.swift in Sources */,
				AE0573B42806116D00F618C8 /* SpeechRecognizer.swift in Sources */,
				AE0573AE280608AA00F618C8 /* ErrorView.swift in Sources */,
				AEE3F3842804C05B002AB54F /* ScrumdingerApp.swift in Sources */,
				AEE3F3A12804F0C9002AB54F /* ThemeView.swift in Sources */,
				AEE3F3972804C550002AB54F /* CardView.swift in Sources */,
				AE0573B228060D3F00F618C8 /* SpeakerArc.swift in Sources */,
				AEE3F3B4280503EE002AB54F /* AVPlayer+Ding.swift in Sources */,
			);
			runOnlyForDeploymentPostprocessing = 0;
		};
/* End PBXSourcesBuildPhase section */

/* Begin PBXVariantGroup section */
		AEA1B4B6280D6B9100979DBF /* Localizable.strings */ = {
			isa = PBXVariantGroup;
			children = (
				AEA1B4B5280D6B9100979DBF /* it */,
				AEA1B4B7280D6B9600979DBF /* en */,
			);
			name = Localizable.strings;
			sourceTree = "<group>";
		};
		AEA1B4BC280D7B0300979DBF /* Plurals.stringsdict */ = {
			isa = PBXVariantGroup;
			children = (
				AEA1B4BB280D7B0300979DBF /* it */,
				AEA1B4BD280D7B0500979DBF /* en */,
			);
			name = Plurals.stringsdict;
			sourceTree = "<group>";
		};
/* End PBXVariantGroup section */

/* Begin XCBuildConfiguration section */
		AEE3F38C2804C05C002AB54F /* Debug */ = {
			isa = XCBuildConfiguration;
			buildSettings = {
				ALWAYS_SEARCH_USER_PATHS = NO;
				CLANG_ANALYZER_NONNULL = YES;
				CLANG_ANALYZER_NUMBER_OBJECT_CONVERSION = YES_AGGRESSIVE;
				CLANG_CXX_LANGUAGE_STANDARD = "gnu++17";
				CLANG_ENABLE_MODULES = YES;
				CLANG_ENABLE_OBJC_ARC = YES;
				CLANG_ENABLE_OBJC_WEAK = YES;
				CLANG_WARN_BLOCK_CAPTURE_AUTORELEASING = YES;
				CLANG_WARN_BOOL_CONVERSION = YES;
				CLANG_WARN_COMMA = YES;
				CLANG_WARN_CONSTANT_CONVERSION = YES;
				CLANG_WARN_DEPRECATED_OBJC_IMPLEMENTATIONS = YES;
				CLANG_WARN_DIRECT_OBJC_ISA_USAGE = YES_ERROR;
				CLANG_WARN_DOCUMENTATION_COMMENTS = YES;
				CLANG_WARN_EMPTY_BODY = YES;
				CLANG_WARN_ENUM_CONVERSION = YES;
				CLANG_WARN_INFINITE_RECURSION = YES;
				CLANG_WARN_INT_CONVERSION = YES;
				CLANG_WARN_NON_LITERAL_NULL_CONVERSION = YES;
				CLANG_WARN_OBJC_IMPLICIT_RETAIN_SELF = YES;
				CLANG_WARN_OBJC_LITERAL_CONVERSION = YES;
				CLANG_WARN_OBJC_ROOT_CLASS = YES_ERROR;
				CLANG_WARN_QUOTED_INCLUDE_IN_FRAMEWORK_HEADER = YES;
				CLANG_WARN_RANGE_LOOP_ANALYSIS = YES;
				CLANG_WARN_STRICT_PROTOTYPES = YES;
				CLANG_WARN_SUSPICIOUS_MOVE = YES;
				CLANG_WARN_UNGUARDED_AVAILABILITY = YES_AGGRESSIVE;
				CLANG_WARN_UNREACHABLE_CODE = YES;
				CLANG_WARN__DUPLICATE_METHOD_MATCH = YES;
				COPY_PHASE_STRIP = NO;
				DEBUG_INFORMATION_FORMAT = dwarf;
				ENABLE_STRICT_OBJC_MSGSEND = YES;
				ENABLE_TESTABILITY = YES;
				GCC_C_LANGUAGE_STANDARD = gnu11;
				GCC_DYNAMIC_NO_PIC = NO;
				GCC_NO_COMMON_BLOCKS = YES;
				GCC_OPTIMIZATION_LEVEL = 0;
				GCC_PREPROCESSOR_DEFINITIONS = (
					"DEBUG=1",
					"$(inherited)",
				);
				GCC_WARN_64_TO_32_BIT_CONVERSION = YES;
				GCC_WARN_ABOUT_RETURN_TYPE = YES_ERROR;
				GCC_WARN_UNDECLARED_SELECTOR = YES;
				GCC_WARN_UNINITIALIZED_AUTOS = YES_AGGRESSIVE;
				GCC_WARN_UNUSED_FUNCTION = YES;
				GCC_WARN_UNUSED_VARIABLE = YES;
				IPHONEOS_DEPLOYMENT_TARGET = 15.4;
				MTL_ENABLE_DEBUG_INFO = INCLUDE_SOURCE;
				MTL_FAST_MATH = YES;
				ONLY_ACTIVE_ARCH = YES;
				SDKROOT = iphoneos;
				SWIFT_ACTIVE_COMPILATION_CONDITIONS = DEBUG;
				SWIFT_OPTIMIZATION_LEVEL = "-Onone";
			};
			name = Debug;
		};
		AEE3F38D2804C05C002AB54F /* Release */ = {
			isa = XCBuildConfiguration;
			buildSettings = {
				ALWAYS_SEARCH_USER_PATHS = NO;
				CLANG_ANALYZER_NONNULL = YES;
				CLANG_ANALYZER_NUMBER_OBJECT_CONVERSION = YES_AGGRESSIVE;
				CLANG_CXX_LANGUAGE_STANDARD = "gnu++17";
				CLANG_ENABLE_MODULES = YES;
				CLANG_ENABLE_OBJC_ARC = YES;
				CLANG_ENABLE_OBJC_WEAK = YES;
				CLANG_WARN_BLOCK_CAPTURE_AUTORELEASING = YES;
				CLANG_WARN_BOOL_CONVERSION = YES;
				CLANG_WARN_COMMA = YES;
				CLANG_WARN_CONSTANT_CONVERSION = YES;
				CLANG_WARN_DEPRECATED_OBJC_IMPLEMENTATIONS = YES;
				CLANG_WARN_DIRECT_OBJC_ISA_USAGE = YES_ERROR;
				CLANG_WARN_DOCUMENTATION_COMMENTS = YES;
				CLANG_WARN_EMPTY_BODY = YES;
				CLANG_WARN_ENUM_CONVERSION = YES;
				CLANG_WARN_INFINITE_RECURSION = YES;
				CLANG_WARN_INT_CONVERSION = YES;
				CLANG_WARN_NON_LITERAL_NULL_CONVERSION = YES;
				CLANG_WARN_OBJC_IMPLICIT_RETAIN_SELF = YES;
				CLANG_WARN_OBJC_LITERAL_CONVERSION = YES;
				CLANG_WARN_OBJC_ROOT_CLASS = YES_ERROR;
				CLANG_WARN_QUOTED_INCLUDE_IN_FRAMEWORK_HEADER = YES;
				CLANG_WARN_RANGE_LOOP_ANALYSIS = YES;
				CLANG_WARN_STRICT_PROTOTYPES = YES;
				CLANG_WARN_SUSPICIOUS_MOVE = YES;
				CLANG_WARN_UNGUARDED_AVAILABILITY = YES_AGGRESSIVE;
				CLANG_WARN_UNREACHABLE_CODE = YES;
				CLANG_WARN__DUPLICATE_METHOD_MATCH = YES;
				COPY_PHASE_STRIP = NO;
				DEBUG_INFORMATION_FORMAT = "dwarf-with-dsym";
				ENABLE_NS_ASSERTIONS = NO;
				ENABLE_STRICT_OBJC_MSGSEND = YES;
				GCC_C_LANGUAGE_STANDARD = gnu11;
				GCC_NO_COMMON_BLOCKS = YES;
				GCC_WARN_64_TO_32_BIT_CONVERSION = YES;
				GCC_WARN_ABOUT_RETURN_TYPE = YES_ERROR;
				GCC_WARN_UNDECLARED_SELECTOR = YES;
				GCC_WARN_UNINITIALIZED_AUTOS = YES_AGGRESSIVE;
				GCC_WARN_UNUSED_FUNCTION = YES;
				GCC_WARN_UNUSED_VARIABLE = YES;
				IPHONEOS_DEPLOYMENT_TARGET = 15.4;
				MTL_ENABLE_DEBUG_INFO = NO;
				MTL_FAST_MATH = YES;
				SDKROOT = iphoneos;
				SWIFT_COMPILATION_MODE = wholemodule;
				SWIFT_OPTIMIZATION_LEVEL = "-O";
				VALIDATE_PRODUCT = YES;
			};
			name = Release;
		};
		AEE3F38F2804C05C002AB54F /* Debug */ = {
			isa = XCBuildConfiguration;
			buildSettings = {
				ASSETCATALOG_COMPILER_APPICON_NAME = AppIcon;
				ASSETCATALOG_COMPILER_GLOBAL_ACCENT_COLOR_NAME = AccentColor;
				CODE_SIGN_STYLE = Automatic;
				CURRENT_PROJECT_VERSION = 1;
				DEVELOPMENT_ASSET_PATHS = "\"Scrumdinger/Preview Content\"";
				DEVELOPMENT_TEAM = GU524Y437L;
				ENABLE_PREVIEWS = YES;
				GENERATE_INFOPLIST_FILE = YES;
				INFOPLIST_KEY_NSMicrophoneUsageDescription = "Audio is recorded to transcribe the meeting. Audio recordings are discarded after transcription.";
				INFOPLIST_KEY_NSSpeechRecognitionUsageDescription = "You can view a text transcription of your meeting in the app.";
				INFOPLIST_KEY_UIApplicationSceneManifest_Generation = YES;
				INFOPLIST_KEY_UIApplicationSupportsIndirectInputEvents = YES;
				INFOPLIST_KEY_UILaunchScreen_Generation = YES;
				INFOPLIST_KEY_UISupportedInterfaceOrientations_iPad = "UIInterfaceOrientationPortrait UIInterfaceOrientationPortraitUpsideDown UIInterfaceOrientationLandscapeLeft UIInterfaceOrientationLandscapeRight";
				INFOPLIST_KEY_UISupportedInterfaceOrientations_iPhone = "UIInterfaceOrientationPortrait UIInterfaceOrientationLandscapeLeft UIInterfaceOrientationLandscapeRight";
				IPHONEOS_DEPLOYMENT_TARGET = 15.4;
				LD_RUNPATH_SEARCH_PATHS = (
					"$(inherited)",
					"@executable_path/Frameworks",
				);
				MARKETING_VERSION = 1.0;
				PRODUCT_BUNDLE_IDENTIFIER = io.github.damianopellegrini.Scrumdinger;
				PRODUCT_NAME = "$(TARGET_NAME)";
				SWIFT_EMIT_LOC_STRINGS = YES;
				SWIFT_VERSION = 5.0;
				TARGETED_DEVICE_FAMILY = "1,2";
			};
			name = Debug;
		};
		AEE3F3902804C05C002AB54F /* Release */ = {
			isa = XCBuildConfiguration;
			buildSettings = {
				ASSETCATALOG_COMPILER_APPICON_NAME = AppIcon;
				ASSETCATALOG_COMPILER_GLOBAL_ACCENT_COLOR_NAME = AccentColor;
				CODE_SIGN_STYLE = Automatic;
				CURRENT_PROJECT_VERSION = 1;
				DEVELOPMENT_ASSET_PATHS = "\"Scrumdinger/Preview Content\"";
				DEVELOPMENT_TEAM = GU524Y437L;
				ENABLE_PREVIEWS = YES;
				GENERATE_INFOPLIST_FILE = YES;
				INFOPLIST_KEY_NSMicrophoneUsageDescription = "Audio is recorded to transcribe the meeting. Audio recordings are discarded after transcription.";
				INFOPLIST_KEY_NSSpeechRecognitionUsageDescription = "You can view a text transcription of your meeting in the app.";
				INFOPLIST_KEY_UIApplicationSceneManifest_Generation = YES;
				INFOPLIST_KEY_UIApplicationSupportsIndirectInputEvents = YES;
				INFOPLIST_KEY_UILaunchScreen_Generation = YES;
				INFOPLIST_KEY_UISupportedInterfaceOrientations_iPad = "UIInterfaceOrientationPortrait UIInterfaceOrientationPortraitUpsideDown UIInterfaceOrientationLandscapeLeft UIInterfaceOrientationLandscapeRight";
				INFOPLIST_KEY_UISupportedInterfaceOrientations_iPhone = "UIInterfaceOrientationPortrait UIInterfaceOrientationLandscapeLeft UIInterfaceOrientationLandscapeRight";
				IPHONEOS_DEPLOYMENT_TARGET = 15.4;
				LD_RUNPATH_SEARCH_PATHS = (
					"$(inherited)",
					"@executable_path/Frameworks",
				);
				MARKETING_VERSION = 1.0;
				PRODUCT_BUNDLE_IDENTIFIER = io.github.damianopellegrini.Scrumdinger;
				PRODUCT_NAME = "$(TARGET_NAME)";
				SWIFT_EMIT_LOC_STRINGS = YES;
				SWIFT_VERSION = 5.0;
				TARGETED_DEVICE_FAMILY = "1,2";
			};
			name = Release;
		};
/* End XCBuildConfiguration section */

/* Begin XCConfigurationList section */
		AEE3F37B2804C05B002AB54F /* Build configuration list for PBXProject "Scrumdinger" */ = {
			isa = XCConfigurationList;
			buildConfigurations = (
				AEE3F38C2804C05C002AB54F /* Debug */,
				AEE3F38D2804C05C002AB54F /* Release */,
			);
			defaultConfigurationIsVisible = 0;
			defaultConfigurationName = Release;
		};
		AEE3F38E2804C05C002AB54F /* Build configuration list for PBXNativeTarget "Scrumdinger" */ = {
			isa = XCConfigurationList;
			buildConfigurations = (
				AEE3F38F2804C05C002AB54F /* Debug */,
				AEE3F3902804C05C002AB54F /* Release */,
			);
			defaultConfigurationIsVisible = 0;
			defaultConfigurationName = Release;
		};
/* End XCConfigurationList section */
	};
	rootObject = AEE3F3782804C05B002AB54F /* Project object */;
}
